
Microsoft Visual Studio Solution File, Format Version 10.00
# Visual Studio 2008
Project("{8BC9CEB8-8B4A-11D0-8D11-00A0C91BC942}") = "COMWrappers", "COMWrappers\COMWrappers.vcproj", "{F6098645-A578-479F-935A-9E2EFF480926}"
	ProjectSection(ProjectDependencies) = postProject
		{D0CF7E24-7705-4200-9FD9-E5A7B32B8B1A} = {D0CF7E24-7705-4200-9FD9-E5A7B32B8B1A}
		{8436D163-FA62-43E4-A2C3-F07F2F8BE280} = {8436D163-FA62-43E4-A2C3-F07F2F8BE280}
	EndProjectSection
EndProject
Project("{8BC9CEB8-8B4A-11D0-8D11-00A0C91BC942}") = "MBTInterfaceLayer", "MBTInterfaceLayer\MBTInterfaceLayer.vcproj", "{2CCB1389-1783-43AA-A88A-89821660A16B}"
	ProjectSection(ProjectDependencies) = postProject
		{D0CF7E24-7705-4200-9FD9-E5A7B32B8B1A} = {D0CF7E24-7705-4200-9FD9-E5A7B32B8B1A}
		{39A1A232-0FDA-4226-BB7A-ABDED0365026} = {39A1A232-0FDA-4226-BB7A-ABDED0365026}
		{F6098645-A578-479F-935A-9E2EFF480926} = {F6098645-A578-479F-935A-9E2EFF480926}
		{8436D163-FA62-43E4-A2C3-F07F2F8BE280} = {8436D163-FA62-43E4-A2C3-F07F2F8BE280}
	EndProjectSection
EndProject
Project("{8BC9CEB8-8B4A-11D0-8D11-00A0C91BC942}") = "CornerTurn", "CornerTurn\CornerTurn.vcproj", "{39A1A232-0FDA-4226-BB7A-ABDED0365026}"
	ProjectSection(ProjectDependencies) = postProject
		{D0CF7E24-7705-4200-9FD9-E5A7B32B8B1A} = {D0CF7E24-7705-4200-9FD9-E5A7B32B8B1A}
		{F6098645-A578-479F-935A-9E2EFF480926} = {F6098645-A578-479F-935A-9E2EFF480926}
	EndProjectSection
EndProject
Project("{8BC9CEB8-8B4A-11D0-8D11-00A0C91BC942}") = "DataLoggerClient", "DataLoggerClient\DataLoggerClient.vcproj", "{CC14554A-F7B7-442B-9CD7-D84B206B0477}"
	ProjectSection(ProjectDependencies) = postProject
		{D0CF7E24-7705-4200-9FD9-E5A7B32B8B1A} = {D0CF7E24-7705-4200-9FD9-E5A7B32B8B1A}
		{39A1A232-0FDA-4226-BB7A-ABDED0365026} = {39A1A232-0FDA-4226-BB7A-ABDED0365026}
		{F6098645-A578-479F-935A-9E2EFF480926} = {F6098645-A578-479F-935A-9E2EFF480926}
		{8436D163-FA62-43E4-A2C3-F07F2F8BE280} = {8436D163-FA62-43E4-A2C3-F07F2F8BE280}
	EndProjectSection
EndProject
Project("{8BC9CEB8-8B4A-11D0-8D11-00A0C91BC942}") = "Util", "..\Common\Util\Util.vcproj", "{8436D163-FA62-43E4-A2C3-F07F2F8BE280}"
EndProject
Project("{8BC9CEB8-8B4A-11D0-8D11-00A0C91BC942}") = "DataTypes", "..\Common\DataTypes\DataTypes.vcproj", "{D0CF7E24-7705-4200-9FD9-E5A7B32B8B1A}"
EndProject
Project("{8BC9CEB8-8B4A-11D0-8D11-00A0C91BC942}") = "MySQLLayer", "..\Common\MySQLLayer\MySQLLayer.vcproj", "{DE857630-1B9E-442D-AA6F-71A08C6DAB04}"
EndProject
Project("{8BC9CEB8-8B4A-11D0-8D11-00A0C91BC942}") = "DataBuilder", "DataBuilder\DataBuilder.vcproj", "{745F9F08-FA07-43D3-A692-2E392E123F7C}"
	ProjectSection(ProjectDependencies) = postProject
		{D0CF7E24-7705-4200-9FD9-E5A7B32B8B1A} = {D0CF7E24-7705-4200-9FD9-E5A7B32B8B1A}
		{DE857630-1B9E-442D-AA6F-71A08C6DAB04} = {DE857630-1B9E-442D-AA6F-71A08C6DAB04}
		{8436D163-FA62-43E4-A2C3-F07F2F8BE280} = {8436D163-FA62-43E4-A2C3-F07F2F8BE280}
	EndProjectSection
EndProject
Project("{8BC9CEB8-8B4A-11D0-8D11-00A0C91BC942}") = "TestTrigger", "TestTrigger\TestTrigger.vcproj", "{323FE535-F3B8-4590-940B-D75F4E72F967}"
	ProjectSection(ProjectDependencies) = postProject
		{D0CF7E24-7705-4200-9FD9-E5A7B32B8B1A} = {D0CF7E24-7705-4200-9FD9-E5A7B32B8B1A}
		{39A1A232-0FDA-4226-BB7A-ABDED0365026} = {39A1A232-0FDA-4226-BB7A-ABDED0365026}
		{8436D163-FA62-43E4-A2C3-F07F2F8BE280} = {8436D163-FA62-43E4-A2C3-F07F2F8BE280}
	EndProjectSection
EndProject
Project("{8BC9CEB8-8B4A-11D0-8D11-00A0C91BC942}") = "PositionInterface", "PositionInterface\PositionInterface.vcproj", "{6D79C764-770F-4EAD-B33F-4529D4BF6690}"
	ProjectSection(ProjectDependencies) = postProject
		{D0CF7E24-7705-4200-9FD9-E5A7B32B8B1A} = {D0CF7E24-7705-4200-9FD9-E5A7B32B8B1A}
		{39A1A232-0FDA-4226-BB7A-ABDED0365026} = {39A1A232-0FDA-4226-BB7A-ABDED0365026}
		{F6098645-A578-479F-935A-9E2EFF480926} = {F6098645-A578-479F-935A-9E2EFF480926}
		{8436D163-FA62-43E4-A2C3-F07F2F8BE280} = {8436D163-FA62-43E4-A2C3-F07F2F8BE280}
		{C62C4071-2534-48B2-B24C-4629C3BCDEA1} = {C62C4071-2534-48B2-B24C-4629C3BCDEA1}
	EndProjectSection
EndProject
Project("{8BC9CEB8-8B4A-11D0-8D11-00A0C91BC942}") = "Strategy", "Strategy\Strategy.vcproj", "{C62C4071-2534-48B2-B24C-4629C3BCDEA1}"
	ProjectSection(ProjectDependencies) = postProject
		{39A1A232-0FDA-4226-BB7A-ABDED0365026} = {39A1A232-0FDA-4226-BB7A-ABDED0365026}
		{8436D163-FA62-43E4-A2C3-F07F2F8BE280} = {8436D163-FA62-43E4-A2C3-F07F2F8BE280}
	EndProjectSection
EndProject
Project("{8BC9CEB8-8B4A-11D0-8D11-00A0C91BC942}") = "MySQLLoggerClient", "MySQLLoggerClient\MySQLLoggerClient.vcproj", "{61E0B2F2-CD39-4685-A2D6-C9D324839DFE}"
	ProjectSection(ProjectDependencies) = postProject
		{D0CF7E24-7705-4200-9FD9-E5A7B32B8B1A} = {D0CF7E24-7705-4200-9FD9-E5A7B32B8B1A}
		{DE857630-1B9E-442D-AA6F-71A08C6DAB04} = {DE857630-1B9E-442D-AA6F-71A08C6DAB04}
		{39A1A232-0FDA-4226-BB7A-ABDED0365026} = {39A1A232-0FDA-4226-BB7A-ABDED0365026}
		{F6098645-A578-479F-935A-9E2EFF480926} = {F6098645-A578-479F-935A-9E2EFF480926}
		{8436D163-FA62-43E4-A2C3-F07F2F8BE280} = {8436D163-FA62-43E4-A2C3-F07F2F8BE280}
	EndProjectSection
EndProject
Global
	GlobalSection(SolutionConfigurationPlatforms) = preSolution
		Debug|Win32 = Debug|Win32
		Debug|x64 = Debug|x64
		Release|Win32 = Release|Win32
		Release|x64 = Release|x64
	EndGlobalSection
	GlobalSection(ProjectConfigurationPlatforms) = postSolution
		{F6098645-A578-479F-935A-9E2EFF480926}.Debug|Win32.ActiveCfg = Debug|Win32
		{F6098645-A578-479F-935A-9E2EFF480926}.Debug|Win32.Build.0 = Debug|Win32
		{F6098645-A578-479F-935A-9E2EFF480926}.Debug|x64.ActiveCfg = Debug|x64
		{F6098645-A578-479F-935A-9E2EFF480926}.Debug|x64.Build.0 = Debug|x64
		{F6098645-A578-479F-935A-9E2EFF480926}.Release|Win32.ActiveCfg = Release|Win32
		{F6098645-A578-479F-935A-9E2EFF480926}.Release|Win32.Build.0 = Release|Win32
		{F6098645-A578-479F-935A-9E2EFF480926}.Release|x64.ActiveCfg = Release|x64
		{F6098645-A578-479F-935A-9E2EFF480926}.Release|x64.Build.0 = Release|x64
		{2CCB1389-1783-43AA-A88A-89821660A16B}.Debug|Win32.ActiveCfg = Debug|Win32
		{2CCB1389-1783-43AA-A88A-89821660A16B}.Debug|Win32.Build.0 = Debug|Win32
		{2CCB1389-1783-43AA-A88A-89821660A16B}.Debug|x64.ActiveCfg = Debug|x64
		{2CCB1389-1783-43AA-A88A-89821660A16B}.Debug|x64.Build.0 = Debug|x64
		{2CCB1389-1783-43AA-A88A-89821660A16B}.Release|Win32.ActiveCfg = Release|Win32
		{2CCB1389-1783-43AA-A88A-89821660A16B}.Release|Win32.Build.0 = Release|Win32
		{2CCB1389-1783-43AA-A88A-89821660A16B}.Release|x64.ActiveCfg = Release|x64
		{2CCB1389-1783-43AA-A88A-89821660A16B}.Release|x64.Build.0 = Release|x64
		{39A1A232-0FDA-4226-BB7A-ABDED0365026}.Debug|Win32.ActiveCfg = Debug|Win32
		{39A1A232-0FDA-4226-BB7A-ABDED0365026}.Debug|Win32.Build.0 = Debug|Win32
		{39A1A232-0FDA-4226-BB7A-ABDED0365026}.Debug|x64.ActiveCfg = Debug|x64
		{39A1A232-0FDA-4226-BB7A-ABDED0365026}.Debug|x64.Build.0 = Debug|x64
		{39A1A232-0FDA-4226-BB7A-ABDED0365026}.Release|Win32.ActiveCfg = Release|Win32
		{39A1A232-0FDA-4226-BB7A-ABDED0365026}.Release|Win32.Build.0 = Release|Win32
		{39A1A232-0FDA-4226-BB7A-ABDED0365026}.Release|x64.ActiveCfg = Release|x64
		{39A1A232-0FDA-4226-BB7A-ABDED0365026}.Release|x64.Build.0 = Release|x64
		{CC14554A-F7B7-442B-9CD7-D84B206B0477}.Debug|Win32.ActiveCfg = Debug|Win32
		{CC14554A-F7B7-442B-9CD7-D84B206B0477}.Debug|Win32.Build.0 = Debug|Win32
		{CC14554A-F7B7-442B-9CD7-D84B206B0477}.Debug|x64.ActiveCfg = Debug|x64
		{CC14554A-F7B7-442B-9CD7-D84B206B0477}.Debug|x64.Build.0 = Debug|x64
		{CC14554A-F7B7-442B-9CD7-D84B206B0477}.Release|Win32.ActiveCfg = Release|Win32
		{CC14554A-F7B7-442B-9CD7-D84B206B0477}.Release|Win32.Build.0 = Release|Win32
		{CC14554A-F7B7-442B-9CD7-D84B206B0477}.Release|x64.ActiveCfg = Release|x64
		{CC14554A-F7B7-442B-9CD7-D84B206B0477}.Release|x64.Build.0 = Release|x64
		{8436D163-FA62-43E4-A2C3-F07F2F8BE280}.Debug|Win32.ActiveCfg = Debug|Win32
		{8436D163-FA62-43E4-A2C3-F07F2F8BE280}.Debug|Win32.Build.0 = Debug|Win32
		{8436D163-FA62-43E4-A2C3-F07F2F8BE280}.Debug|x64.ActiveCfg = Debug|x64
		{8436D163-FA62-43E4-A2C3-F07F2F8BE280}.Debug|x64.Build.0 = Debug|x64
		{8436D163-FA62-43E4-A2C3-F07F2F8BE280}.Release|Win32.ActiveCfg = Release|Win32
		{8436D163-FA62-43E4-A2C3-F07F2F8BE280}.Release|Win32.Build.0 = Release|Win32
		{8436D163-FA62-43E4-A2C3-F07F2F8BE280}.Release|x64.ActiveCfg = Release|x64
		{8436D163-FA62-43E4-A2C3-F07F2F8BE280}.Release|x64.Build.0 = Release|x64
		{D0CF7E24-7705-4200-9FD9-E5A7B32B8B1A}.Debug|Win32.ActiveCfg = Debug|Win32
		{D0CF7E24-7705-4200-9FD9-E5A7B32B8B1A}.Debug|Win32.Build.0 = Debug|Win32
		{D0CF7E24-7705-4200-9FD9-E5A7B32B8B1A}.Debug|x64.ActiveCfg = Debug|x64
		{D0CF7E24-7705-4200-9FD9-E5A7B32B8B1A}.Debug|x64.Build.0 = Debug|x64
		{D0CF7E24-7705-4200-9FD9-E5A7B32B8B1A}.Release|Win32.ActiveCfg = Release|Win32
		{D0CF7E24-7705-4200-9FD9-E5A7B32B8B1A}.Release|Win32.Build.0 = Release|Win32
		{D0CF7E24-7705-4200-9FD9-E5A7B32B8B1A}.Release|x64.ActiveCfg = Release|x64
		{D0CF7E24-7705-4200-9FD9-E5A7B32B8B1A}.Release|x64.Build.0 = Release|x64
		{DE857630-1B9E-442D-AA6F-71A08C6DAB04}.Debug|Win32.ActiveCfg = Debug|Win32
		{DE857630-1B9E-442D-AA6F-71A08C6DAB04}.Debug|Win32.Build.0 = Debug|Win32
		{DE857630-1B9E-442D-AA6F-71A08C6DAB04}.Debug|x64.ActiveCfg = Debug|x64
		{DE857630-1B9E-442D-AA6F-71A08C6DAB04}.Debug|x64.Build.0 = Debug|x64
		{DE857630-1B9E-442D-AA6F-71A08C6DAB04}.Release|Win32.ActiveCfg = Release|Win32
		{DE857630-1B9E-442D-AA6F-71A08C6DAB04}.Release|Win32.Build.0 = Release|Win32
		{DE857630-1B9E-442D-AA6F-71A08C6DAB04}.Release|x64.ActiveCfg = Release|x64
		{DE857630-1B9E-442D-AA6F-71A08C6DAB04}.Release|x64.Build.0 = Release|x64
		{745F9F08-FA07-43D3-A692-2E392E123F7C}.Debug|Win32.ActiveCfg = Debug|Win32
		{745F9F08-FA07-43D3-A692-2E392E123F7C}.Debug|Win32.Build.0 = Debug|Win32
		{745F9F08-FA07-43D3-A692-2E392E123F7C}.Debug|x64.ActiveCfg = Debug|x64
		{745F9F08-FA07-43D3-A692-2E392E123F7C}.Debug|x64.Build.0 = Debug|x64
		{745F9F08-FA07-43D3-A692-2E392E123F7C}.Release|Win32.ActiveCfg = Release|Win32
		{745F9F08-FA07-43D3-A692-2E392E123F7C}.Release|Win32.Build.0 = Release|Win32
		{745F9F08-FA07-43D3-A692-2E392E123F7C}.Release|x64.ActiveCfg = Release|x64
		{745F9F08-FA07-43D3-A692-2E392E123F7C}.Release|x64.Build.0 = Release|x64
		{323FE535-F3B8-4590-940B-D75F4E72F967}.Debug|Win32.ActiveCfg = Debug|Win32
		{323FE535-F3B8-4590-940B-D75F4E72F967}.Debug|Win32.Build.0 = Debug|Win32
		{323FE535-F3B8-4590-940B-D75F4E72F967}.Debug|x64.ActiveCfg = Debug|x64
		{323FE535-F3B8-4590-940B-D75F4E72F967}.Debug|x64.Build.0 = Debug|x64
		{323FE535-F3B8-4590-940B-D75F4E72F967}.Release|Win32.ActiveCfg = Release|Win32
		{323FE535-F3B8-4590-940B-D75F4E72F967}.Release|Win32.Build.0 = Release|Win32
		{323FE535-F3B8-4590-940B-D75F4E72F967}.Release|x64.ActiveCfg = Release|x64
		{323FE535-F3B8-4590-940B-D75F4E72F967}.Release|x64.Build.0 = Release|x64
		{6D79C764-770F-4EAD-B33F-4529D4BF6690}.Debug|Win32.ActiveCfg = Debug|Win32
		{6D79C764-770F-4EAD-B33F-4529D4BF6690}.Debug|Win32.Build.0 = Debug|Win32
		{6D79C764-770F-4EAD-B33F-4529D4BF6690}.Debug|x64.ActiveCfg = Debug|x64
		{6D79C764-770F-4EAD-B33F-4529D4BF6690}.Debug|x64.Build.0 = Debug|x64
		{6D79C764-770F-4EAD-B33F-4529D4BF6690}.Release|Win32.ActiveCfg = Release|Win32
		{6D79C764-770F-4EAD-B33F-4529D4BF6690}.Release|Win32.Build.0 = Release|Win32
		{6D79C764-770F-4EAD-B33F-4529D4BF6690}.Release|x64.ActiveCfg = Release|x64
		{6D79C764-770F-4EAD-B33F-4529D4BF6690}.Release|x64.Build.0 = Release|x64
		{C62C4071-2534-48B2-B24C-4629C3BCDEA1}.Debug|Win32.ActiveCfg = Debug|Win32
		{C62C4071-2534-48B2-B24C-4629C3BCDEA1}.Debug|Win32.Build.0 = Debug|Win32
		{C62C4071-2534-48B2-B24C-4629C3BCDEA1}.Debug|x64.ActiveCfg = Debug|x64
		{C62C4071-2534-48B2-B24C-4629C3BCDEA1}.Debug|x64.Build.0 = Debug|x64
		{C62C4071-2534-48B2-B24C-4629C3BCDEA1}.Release|Win32.ActiveCfg = Release|Win32
		{C62C4071-2534-48B2-B24C-4629C3BCDEA1}.Release|Win32.Build.0 = Release|Win32
		{C62C4071-2534-48B2-B24C-4629C3BCDEA1}.Release|x64.ActiveCfg = Release|x64
		{C62C4071-2534-48B2-B24C-4629C3BCDEA1}.Release|x64.Build.0 = Release|x64
		{61E0B2F2-CD39-4685-A2D6-C9D324839DFE}.Debug|Win32.ActiveCfg = Debug|Win32
		{61E0B2F2-CD39-4685-A2D6-C9D324839DFE}.Debug|Win32.Build.0 = Debug|Win32
		{61E0B2F2-CD39-4685-A2D6-C9D324839DFE}.Debug|x64.ActiveCfg = Debug|x64
		{61E0B2F2-CD39-4685-A2D6-C9D324839DFE}.Debug|x64.Build.0 = Debug|x64
		{61E0B2F2-CD39-4685-A2D6-C9D324839DFE}.Release|Win32.ActiveCfg = Release|Win32
		{61E0B2F2-CD39-4685-A2D6-C9D324839DFE}.Release|Win32.Build.0 = Release|Win32
		{61E0B2F2-CD39-4685-A2D6-C9D324839DFE}.Release|x64.ActiveCfg = Release|x64
		{61E0B2F2-CD39-4685-A2D6-C9D324839DFE}.Release|x64.Build.0 = Release|x64
	EndGlobalSection
	GlobalSection(SolutionProperties) = preSolution
		HideSolutionNode = FALSE
	EndGlobalSection
	GlobalSection(SubversionScc) = preSolution
		Svn-Managed = True
		Manager = AnkhSVN - Subversion Support for Visual Studio
	EndGlobalSection
EndGlobal
