
Microsoft Visual Studio Solution File, Format Version 10.00
# Visual Studio 2008
Project("{8BC9CEB8-8B4A-11D0-8D11-00A0C91BC942}") = "Metrics", "Metrics.vcproj", "{4B4C70BB-07F1-4AB7-830A-7F46D8FCF913}"
EndProject
Global
	GlobalSection(SolutionConfigurationPlatforms) = preSolution
		Debug|Win32 = Debug|Win32
		Release|Win32 = Release|Win32
	EndGlobalSection
	GlobalSection(ProjectConfigurationPlatforms) = postSolution
		{4B4C70BB-07F1-4AB7-830A-7F46D8FCF913}.Debug|Win32.ActiveCfg = Debug|Win32
		{4B4C70BB-07F1-4AB7-830A-7F46D8FCF913}.Debug|Win32.Build.0 = Debug|Win32
		{4B4C70BB-07F1-4AB7-830A-7F46D8FCF913}.Release|Win32.ActiveCfg = Release|Win32
		{4B4C70BB-07F1-4AB7-830A-7F46D8FCF913}.Release|Win32.Build.0 = Release|Win32
	EndGlobalSection
	GlobalSection(SolutionProperties) = preSolution
		HideSolutionNode = FALSE
	EndGlobalSection
EndGlobal
