
Microsoft Visual Studio Solution File, Format Version 10.00
# Visual Studio 2008
Project("{8BC9CEB8-8B4A-11D0-8D11-00A0C91BC942}") = "MySQLLayer", "MySQLLayer.vcproj", "{DE857630-1B9E-442D-AA6F-71A08C6DAB04}"
EndProject
Global
	GlobalSection(SolutionConfigurationPlatforms) = preSolution
		Debug|Win32 = Debug|Win32
		Debug|x64 = Debug|x64
		DebugNoMysql|Win32 = DebugNoMysql|Win32
		DebugNoMysql|x64 = DebugNoMysql|x64
		Release|Win32 = Release|Win32
		Release|x64 = Release|x64
		ReleaseNoMySql|Win32 = ReleaseNoMySql|Win32
		ReleaseNoMySql|x64 = ReleaseNoMySql|x64
	EndGlobalSection
	GlobalSection(ProjectConfigurationPlatforms) = postSolution
		{DE857630-1B9E-442D-AA6F-71A08C6DAB04}.Debug|Win32.ActiveCfg = Debug|Win32
		{DE857630-1B9E-442D-AA6F-71A08C6DAB04}.Debug|Win32.Build.0 = Debug|Win32
		{DE857630-1B9E-442D-AA6F-71A08C6DAB04}.Debug|x64.ActiveCfg = Debug|x64
		{DE857630-1B9E-442D-AA6F-71A08C6DAB04}.Debug|x64.Build.0 = Debug|x64
		{DE857630-1B9E-442D-AA6F-71A08C6DAB04}.DebugNoMysql|Win32.ActiveCfg = DebugNoMysql|Win32
		{DE857630-1B9E-442D-AA6F-71A08C6DAB04}.DebugNoMysql|Win32.Build.0 = DebugNoMysql|Win32
		{DE857630-1B9E-442D-AA6F-71A08C6DAB04}.DebugNoMysql|x64.ActiveCfg = DebugNoMysql|x64
		{DE857630-1B9E-442D-AA6F-71A08C6DAB04}.DebugNoMysql|x64.Build.0 = DebugNoMysql|x64
		{DE857630-1B9E-442D-AA6F-71A08C6DAB04}.Release|Win32.ActiveCfg = Release|Win32
		{DE857630-1B9E-442D-AA6F-71A08C6DAB04}.Release|Win32.Build.0 = Release|Win32
		{DE857630-1B9E-442D-AA6F-71A08C6DAB04}.Release|x64.ActiveCfg = Release|x64
		{DE857630-1B9E-442D-AA6F-71A08C6DAB04}.Release|x64.Build.0 = Release|x64
		{DE857630-1B9E-442D-AA6F-71A08C6DAB04}.ReleaseNoMySql|Win32.ActiveCfg = ReleaseNoMySql|Win32
		{DE857630-1B9E-442D-AA6F-71A08C6DAB04}.ReleaseNoMySql|Win32.Build.0 = ReleaseNoMySql|Win32
		{DE857630-1B9E-442D-AA6F-71A08C6DAB04}.ReleaseNoMySql|x64.ActiveCfg = ReleaseNoMySql|x64
		{DE857630-1B9E-442D-AA6F-71A08C6DAB04}.ReleaseNoMySql|x64.Build.0 = ReleaseNoMySql|x64
	EndGlobalSection
	GlobalSection(SolutionProperties) = preSolution
		HideSolutionNode = FALSE
	EndGlobalSection
EndGlobal
