
Microsoft Visual Studio Solution File, Format Version 10.00
# Visual Studio 2008
Project("{8BC9CEB8-8B4A-11D0-8D11-00A0C91BC942}") = "Util", "Util.vcproj", "{8436D163-FA62-43E4-A2C3-F07F2F8BE280}"
EndProject
Global
	GlobalSection(SolutionConfigurationPlatforms) = preSolution
		Debug|Win32 = Debug|Win32
		Debug|x64 = Debug|x64
		DebugNoMysql|Win32 = DebugNoMysql|Win32
		DebugNoMysql|x64 = DebugNoMysql|x64
		Release|Win32 = Release|Win32
		Release|x64 = Release|x64
		ReleaseNoMySql|Win32 = ReleaseNoMySql|Win32
		ReleaseNoMySql|x64 = ReleaseNoMySql|x64
	EndGlobalSection
	GlobalSection(ProjectConfigurationPlatforms) = postSolution
		{8436D163-FA62-43E4-A2C3-F07F2F8BE280}.Debug|Win32.ActiveCfg = Debug|Win32
		{8436D163-FA62-43E4-A2C3-F07F2F8BE280}.Debug|Win32.Build.0 = Debug|Win32
		{8436D163-FA62-43E4-A2C3-F07F2F8BE280}.Debug|x64.ActiveCfg = Debug|x64
		{8436D163-FA62-43E4-A2C3-F07F2F8BE280}.Debug|x64.Build.0 = Debug|x64
		{8436D163-FA62-43E4-A2C3-F07F2F8BE280}.DebugNoMysql|Win32.ActiveCfg = DebugNoMysql|Win32
		{8436D163-FA62-43E4-A2C3-F07F2F8BE280}.DebugNoMysql|Win32.Build.0 = DebugNoMysql|Win32
		{8436D163-FA62-43E4-A2C3-F07F2F8BE280}.DebugNoMysql|x64.ActiveCfg = DebugNoMysql|x64
		{8436D163-FA62-43E4-A2C3-F07F2F8BE280}.DebugNoMysql|x64.Build.0 = DebugNoMysql|x64
		{8436D163-FA62-43E4-A2C3-F07F2F8BE280}.Release|Win32.ActiveCfg = Release|Win32
		{8436D163-FA62-43E4-A2C3-F07F2F8BE280}.Release|Win32.Build.0 = Release|Win32
		{8436D163-FA62-43E4-A2C3-F07F2F8BE280}.Release|x64.ActiveCfg = Release|x64
		{8436D163-FA62-43E4-A2C3-F07F2F8BE280}.Release|x64.Build.0 = Release|x64
		{8436D163-FA62-43E4-A2C3-F07F2F8BE280}.ReleaseNoMySql|Win32.ActiveCfg = ReleaseNoMySql|Win32
		{8436D163-FA62-43E4-A2C3-F07F2F8BE280}.ReleaseNoMySql|Win32.Build.0 = ReleaseNoMySql|Win32
		{8436D163-FA62-43E4-A2C3-F07F2F8BE280}.ReleaseNoMySql|x64.ActiveCfg = ReleaseNoMySql|x64
		{8436D163-FA62-43E4-A2C3-F07F2F8BE280}.ReleaseNoMySql|x64.Build.0 = ReleaseNoMySql|x64
	EndGlobalSection
	GlobalSection(SolutionProperties) = preSolution
		HideSolutionNode = FALSE
	EndGlobalSection
EndGlobal
